
Microsoft Visual Studio Solution File, Format Version 12.00
# Visual Studio Version 17
VisualStudioVersion = 17.7.34221.43
MinimumVisualStudioVersion = 10.0.40219.1
Project("{FAE04EC0-301F-11D3-BF4B-00C04F79EFBC}") = "Home 2", "Home 2\Home 2.csproj", "{7BA8676A-BEAB-4BC1-95D8-45D93BC7CDD5}"
EndProject
Global
	GlobalSection(SolutionConfigurationPlatforms) = preSolution
		Debug|Any CPU = Debug|Any CPU
		Release|Any CPU = Release|Any CPU
	EndGlobalSection
	GlobalSection(ProjectConfigurationPlatforms) = postSolution
		{7BA8676A-BEAB-4BC1-95D8-45D93BC7CDD5}.Debug|Any CPU.ActiveCfg = Debug|Any CPU
		{7BA8676A-BEAB-4BC1-95D8-45D93BC7CDD5}.Debug|Any CPU.Build.0 = Debug|Any CPU
		{7BA8676A-BEAB-4BC1-95D8-45D93BC7CDD5}.Release|Any CPU.ActiveCfg = Release|Any CPU
		{7BA8676A-BEAB-4BC1-95D8-45D93BC7CDD5}.Release|Any CPU.Build.0 = Release|Any CPU
	EndGlobalSection
	GlobalSection(SolutionProperties) = preSolution
		HideSolutionNode = FALSE
	EndGlobalSection
	GlobalSection(ExtensibilityGlobals) = postSolution
		SolutionGuid = {BC7A15E1-14B3-425C-B008-75C570BDFB03}
	EndGlobalSection
EndGlobal
